
Microsoft Visual Studio Solution File, Format Version 12.00
# Visual Studio Version 16
VisualStudioVersion = 16.0.30717.126
MinimumVisualStudioVersion = 10.0.40219.1
Project("{FAE04EC0-301F-11D3-BF4B-00C04F79EFBC}") = "TheHarbor", "TheHarbor\TheHarbor.csproj", "{460F8C92-D8BD-4A21-B564-DF676EA6F2C4}"
EndProject
Global
	GlobalSection(SolutionConfigurationPlatforms) = preSolution
		Debug|Any CPU = Debug|Any CPU
		Release|Any CPU = Release|Any CPU
	EndGlobalSection
	GlobalSection(ProjectConfigurationPlatforms) = postSolution
		{460F8C92-D8BD-4A21-B564-DF676EA6F2C4}.Debug|Any CPU.ActiveCfg = Debug|Any CPU
		{460F8C92-D8BD-4A21-B564-DF676EA6F2C4}.Debug|Any CPU.Build.0 = Debug|Any CPU
		{460F8C92-D8BD-4A21-B564-DF676EA6F2C4}.Release|Any CPU.ActiveCfg = Release|Any CPU
		{460F8C92-D8BD-4A21-B564-DF676EA6F2C4}.Release|Any CPU.Build.0 = Release|Any CPU
	EndGlobalSection
	GlobalSection(SolutionProperties) = preSolution
		HideSolutionNode = FALSE
	EndGlobalSection
	GlobalSection(ExtensibilityGlobals) = postSolution
		SolutionGuid = {86E389AF-F766-49E8-9A77-AF90E8A3206A}
	EndGlobalSection
EndGlobal
